
Microsoft Visual Studio Solution File, Format Version 12.00
# Visual Studio Version 16
VisualStudioVersion = 16.0.30804.86
MinimumVisualStudioVersion = 10.0.40219.1
Project("{2150E333-8FDC-42A3-9474-1A3956D46DE8}") = "Services", "Services", "{254F661A-29EF-4F64-BCEB-9FEC67EB31FE}"
EndProject
Project("{2150E333-8FDC-42A3-9474-1A3956D46DE8}") = "Catalog", "Catalog", "{936DB1B3-7448-4A5A-857C-32F9D49B9E42}"
EndProject
Project("{2150E333-8FDC-42A3-9474-1A3956D46DE8}") = "Solution Items", "Solution Items", "{8009491A-B96F-4EBB-88BD-5637D881166C}"
	ProjectSection(SolutionItems) = preProject
		Ports.txt = Ports.txt
	EndProjectSection
EndProject
Project("{2150E333-8FDC-42A3-9474-1A3956D46DE8}") = "Shared", "Shared", "{95A78FC8-305D-4A7A-837C-E75A0A7ADAA8}"
EndProject
Project("{9A19103F-16F7-4668-BE54-9A1E7A4F7556}") = "MyCourse.Shared", "Shared\Course.Shared\MyCourse.Shared.csproj", "{F6538FF4-579E-45AF-B76E-306FB84393A4}"
EndProject
Project("{2150E333-8FDC-42A3-9474-1A3956D46DE8}") = "IdentityServer", "IdentityServer", "{7558A1CB-9E27-42C0-8A28-DDA919D7BF6A}"
EndProject
Project("{9A19103F-16F7-4668-BE54-9A1E7A4F7556}") = "MyCourse.IdentityServer", "IdentityServer\MyCourse.IdentityServer\MyCourse.IdentityServer.csproj", "{118FA3CD-BE8C-4835-98CD-65B60E4CAB05}"
EndProject
Project("{2150E333-8FDC-42A3-9474-1A3956D46DE8}") = "PhotoStock", "PhotoStock", "{E681EDFD-A054-4CDF-81E3-CF4CF657874A}"
EndProject
Project("{9A19103F-16F7-4668-BE54-9A1E7A4F7556}") = "MyCourse.Service.PhotoStock", "Services\PhotoStock\MyCourse.Service.PhotoStock\MyCourse.Service.PhotoStock.csproj", "{83EC85AF-286B-40DB-B20B-59AB0DE2ADD6}"
EndProject
Project("{2150E333-8FDC-42A3-9474-1A3956D46DE8}") = "Basket", "Basket", "{D48729B9-F6BE-4F4C-8F89-EDE5F4F70F72}"
EndProject
Project("{9A19103F-16F7-4668-BE54-9A1E7A4F7556}") = "MyCourse.Service.Basket", "Services\Basket\MyCourse.Service.Basket\MyCourse.Service.Basket.csproj", "{AF45E95F-6A16-4C99-9C61-9BC339C1BBB7}"
EndProject
Project("{2150E333-8FDC-42A3-9474-1A3956D46DE8}") = "Discount", "Discount", "{2E266575-0031-4894-9268-03D2920D6CE6}"
EndProject
Project("{9A19103F-16F7-4668-BE54-9A1E7A4F7556}") = "MyCourse.Service.Discount", "Services\Discount\MyCourse.Service.Discount\MyCourse.Service.Discount.csproj", "{C31490B9-2BC6-4D9B-A6E7-1D4DAF16A83A}"
EndProject
Project("{9A19103F-16F7-4668-BE54-9A1E7A4F7556}") = "MyCourse.Service.Catalog", "Services\Catalog\MyCourse.Service.Catalog\MyCourse.Service.Catalog.csproj", "{55880443-D1F9-4144-A574-44D36496B619}"
EndProject
Project("{2150E333-8FDC-42A3-9474-1A3956D46DE8}") = "Order", "Order", "{DF0DDC33-FAE2-4195-9920-AD54E60D0FD2}"
EndProject
Project("{9A19103F-16F7-4668-BE54-9A1E7A4F7556}") = "MyCourse.Service.Order.API", "Services\Order\MyCourse.Service.Order.API\MyCourse.Service.Order.API.csproj", "{DF87E610-50E2-444F-898E-4158E7C6EB82}"
EndProject
Project("{9A19103F-16F7-4668-BE54-9A1E7A4F7556}") = "MyCourse.Service.Order.Infrastructure", "Services\Order\MyCourse.Service.Order.Infrastructure\MyCourse.Service.Order.Infrastructure.csproj", "{6022694F-AD25-494A-8398-B5808FF00543}"
EndProject
Project("{9A19103F-16F7-4668-BE54-9A1E7A4F7556}") = "MyCourse.Service.Order.Application", "Services\Order\MyCourse.Service.Order.Application\MyCourse.Service.Order.Application.csproj", "{5AB6FA40-3885-4E0B-82F4-04DBC9A10159}"
EndProject
Project("{9A19103F-16F7-4668-BE54-9A1E7A4F7556}") = "MyCourse.Service.Order.Domain", "Services\Order\MyCourse.Service.Order.Domain\MyCourse.Service.Order.Domain.csproj", "{A259644C-5BFD-4C95-8C02-6571BFA5718B}"
EndProject
Project("{9A19103F-16F7-4668-BE54-9A1E7A4F7556}") = "MyCourse.Service.Order.Domain.Core", "Services\Order\MyCourse.Service.Order.Domain.Core\MyCourse.Service.Order.Domain.Core.csproj", "{E1E4F339-22E5-4FA4-823D-624E020C9AA0}"
EndProject
Project("{2150E333-8FDC-42A3-9474-1A3956D46DE8}") = "FakePayment", "FakePayment", "{4B2F651F-9F03-4FA1-86C4-FBCEE8304228}"
EndProject
Project("{FAE04EC0-301F-11D3-BF4B-00C04F79EFBC}") = "MyCourse.Service.FakePayment", "Services\FakePayment\MyCourse.Service.FakePayment\MyCourse.Service.FakePayment.csproj", "{7CFCB2F3-82EC-46B4-B8EB-C88B8E858F4D}"
EndProject
Project("{2150E333-8FDC-42A3-9474-1A3956D46DE8}") = "Gateways", "Gateways", "{4451889F-4BAF-46BA-AB5F-9F2AA414EE39}"
EndProject
Project("{FAE04EC0-301F-11D3-BF4B-00C04F79EFBC}") = "MyCourse.Gateway", "MyCourse.Gateway\MyCourse.Gateway.csproj", "{65F7C284-CA5F-4E55-81F7-4BEAA458E896}"
EndProject
Global
	GlobalSection(SolutionConfigurationPlatforms) = preSolution
		Debug|Any CPU = Debug|Any CPU
		Release|Any CPU = Release|Any CPU
	EndGlobalSection
	GlobalSection(ProjectConfigurationPlatforms) = postSolution
		{F6538FF4-579E-45AF-B76E-306FB84393A4}.Debug|Any CPU.ActiveCfg = Debug|Any CPU
		{F6538FF4-579E-45AF-B76E-306FB84393A4}.Debug|Any CPU.Build.0 = Debug|Any CPU
		{F6538FF4-579E-45AF-B76E-306FB84393A4}.Release|Any CPU.ActiveCfg = Release|Any CPU
		{F6538FF4-579E-45AF-B76E-306FB84393A4}.Release|Any CPU.Build.0 = Release|Any CPU
		{118FA3CD-BE8C-4835-98CD-65B60E4CAB05}.Debug|Any CPU.ActiveCfg = Debug|Any CPU
		{118FA3CD-BE8C-4835-98CD-65B60E4CAB05}.Debug|Any CPU.Build.0 = Debug|Any CPU
		{118FA3CD-BE8C-4835-98CD-65B60E4CAB05}.Release|Any CPU.ActiveCfg = Release|Any CPU
		{118FA3CD-BE8C-4835-98CD-65B60E4CAB05}.Release|Any CPU.Build.0 = Release|Any CPU
		{83EC85AF-286B-40DB-B20B-59AB0DE2ADD6}.Debug|Any CPU.ActiveCfg = Debug|Any CPU
		{83EC85AF-286B-40DB-B20B-59AB0DE2ADD6}.Debug|Any CPU.Build.0 = Debug|Any CPU
		{83EC85AF-286B-40DB-B20B-59AB0DE2ADD6}.Release|Any CPU.ActiveCfg = Release|Any CPU
		{83EC85AF-286B-40DB-B20B-59AB0DE2ADD6}.Release|Any CPU.Build.0 = Release|Any CPU
		{AF45E95F-6A16-4C99-9C61-9BC339C1BBB7}.Debug|Any CPU.ActiveCfg = Debug|Any CPU
		{AF45E95F-6A16-4C99-9C61-9BC339C1BBB7}.Debug|Any CPU.Build.0 = Debug|Any CPU
		{AF45E95F-6A16-4C99-9C61-9BC339C1BBB7}.Release|Any CPU.ActiveCfg = Release|Any CPU
		{AF45E95F-6A16-4C99-9C61-9BC339C1BBB7}.Release|Any CPU.Build.0 = Release|Any CPU
		{C31490B9-2BC6-4D9B-A6E7-1D4DAF16A83A}.Debug|Any CPU.ActiveCfg = Debug|Any CPU
		{C31490B9-2BC6-4D9B-A6E7-1D4DAF16A83A}.Debug|Any CPU.Build.0 = Debug|Any CPU
		{C31490B9-2BC6-4D9B-A6E7-1D4DAF16A83A}.Release|Any CPU.ActiveCfg = Release|Any CPU
		{C31490B9-2BC6-4D9B-A6E7-1D4DAF16A83A}.Release|Any CPU.Build.0 = Release|Any CPU
		{55880443-D1F9-4144-A574-44D36496B619}.Debug|Any CPU.ActiveCfg = Debug|Any CPU
		{55880443-D1F9-4144-A574-44D36496B619}.Debug|Any CPU.Build.0 = Debug|Any CPU
		{55880443-D1F9-4144-A574-44D36496B619}.Release|Any CPU.ActiveCfg = Release|Any CPU
		{55880443-D1F9-4144-A574-44D36496B619}.Release|Any CPU.Build.0 = Release|Any CPU
		{DF87E610-50E2-444F-898E-4158E7C6EB82}.Debug|Any CPU.ActiveCfg = Debug|Any CPU
		{DF87E610-50E2-444F-898E-4158E7C6EB82}.Debug|Any CPU.Build.0 = Debug|Any CPU
		{DF87E610-50E2-444F-898E-4158E7C6EB82}.Release|Any CPU.ActiveCfg = Release|Any CPU
		{DF87E610-50E2-444F-898E-4158E7C6EB82}.Release|Any CPU.Build.0 = Release|Any CPU
		{6022694F-AD25-494A-8398-B5808FF00543}.Debug|Any CPU.ActiveCfg = Debug|Any CPU
		{6022694F-AD25-494A-8398-B5808FF00543}.Debug|Any CPU.Build.0 = Debug|Any CPU
		{6022694F-AD25-494A-8398-B5808FF00543}.Release|Any CPU.ActiveCfg = Release|Any CPU
		{6022694F-AD25-494A-8398-B5808FF00543}.Release|Any CPU.Build.0 = Release|Any CPU
		{5AB6FA40-3885-4E0B-82F4-04DBC9A10159}.Debug|Any CPU.ActiveCfg = Debug|Any CPU
		{5AB6FA40-3885-4E0B-82F4-04DBC9A10159}.Debug|Any CPU.Build.0 = Debug|Any CPU
		{5AB6FA40-3885-4E0B-82F4-04DBC9A10159}.Release|Any CPU.ActiveCfg = Release|Any CPU
		{5AB6FA40-3885-4E0B-82F4-04DBC9A10159}.Release|Any CPU.Build.0 = Release|Any CPU
		{A259644C-5BFD-4C95-8C02-6571BFA5718B}.Debug|Any CPU.ActiveCfg = Debug|Any CPU
		{A259644C-5BFD-4C95-8C02-6571BFA5718B}.Debug|Any CPU.Build.0 = Debug|Any CPU
		{A259644C-5BFD-4C95-8C02-6571BFA5718B}.Release|Any CPU.ActiveCfg = Release|Any CPU
		{A259644C-5BFD-4C95-8C02-6571BFA5718B}.Release|Any CPU.Build.0 = Release|Any CPU
		{E1E4F339-22E5-4FA4-823D-624E020C9AA0}.Debug|Any CPU.ActiveCfg = Debug|Any CPU
		{E1E4F339-22E5-4FA4-823D-624E020C9AA0}.Debug|Any CPU.Build.0 = Debug|Any CPU
		{E1E4F339-22E5-4FA4-823D-624E020C9AA0}.Release|Any CPU.ActiveCfg = Release|Any CPU
		{E1E4F339-22E5-4FA4-823D-624E020C9AA0}.Release|Any CPU.Build.0 = Release|Any CPU
		{7CFCB2F3-82EC-46B4-B8EB-C88B8E858F4D}.Debug|Any CPU.ActiveCfg = Debug|Any CPU
		{7CFCB2F3-82EC-46B4-B8EB-C88B8E858F4D}.Debug|Any CPU.Build.0 = Debug|Any CPU
		{7CFCB2F3-82EC-46B4-B8EB-C88B8E858F4D}.Release|Any CPU.ActiveCfg = Release|Any CPU
		{7CFCB2F3-82EC-46B4-B8EB-C88B8E858F4D}.Release|Any CPU.Build.0 = Release|Any CPU
		{65F7C284-CA5F-4E55-81F7-4BEAA458E896}.Debug|Any CPU.ActiveCfg = Debug|Any CPU
		{65F7C284-CA5F-4E55-81F7-4BEAA458E896}.Debug|Any CPU.Build.0 = Debug|Any CPU
		{65F7C284-CA5F-4E55-81F7-4BEAA458E896}.Release|Any CPU.ActiveCfg = Release|Any CPU
		{65F7C284-CA5F-4E55-81F7-4BEAA458E896}.Release|Any CPU.Build.0 = Release|Any CPU
	EndGlobalSection
	GlobalSection(SolutionProperties) = preSolution
		HideSolutionNode = FALSE
	EndGlobalSection
	GlobalSection(NestedProjects) = preSolution
		{936DB1B3-7448-4A5A-857C-32F9D49B9E42} = {254F661A-29EF-4F64-BCEB-9FEC67EB31FE}
		{F6538FF4-579E-45AF-B76E-306FB84393A4} = {95A78FC8-305D-4A7A-837C-E75A0A7ADAA8}
		{118FA3CD-BE8C-4835-98CD-65B60E4CAB05} = {7558A1CB-9E27-42C0-8A28-DDA919D7BF6A}
		{E681EDFD-A054-4CDF-81E3-CF4CF657874A} = {254F661A-29EF-4F64-BCEB-9FEC67EB31FE}
		{83EC85AF-286B-40DB-B20B-59AB0DE2ADD6} = {E681EDFD-A054-4CDF-81E3-CF4CF657874A}
		{D48729B9-F6BE-4F4C-8F89-EDE5F4F70F72} = {254F661A-29EF-4F64-BCEB-9FEC67EB31FE}
		{AF45E95F-6A16-4C99-9C61-9BC339C1BBB7} = {D48729B9-F6BE-4F4C-8F89-EDE5F4F70F72}
		{2E266575-0031-4894-9268-03D2920D6CE6} = {254F661A-29EF-4F64-BCEB-9FEC67EB31FE}
		{C31490B9-2BC6-4D9B-A6E7-1D4DAF16A83A} = {2E266575-0031-4894-9268-03D2920D6CE6}
		{55880443-D1F9-4144-A574-44D36496B619} = {936DB1B3-7448-4A5A-857C-32F9D49B9E42}
		{DF0DDC33-FAE2-4195-9920-AD54E60D0FD2} = {254F661A-29EF-4F64-BCEB-9FEC67EB31FE}
		{DF87E610-50E2-444F-898E-4158E7C6EB82} = {DF0DDC33-FAE2-4195-9920-AD54E60D0FD2}
		{6022694F-AD25-494A-8398-B5808FF00543} = {DF0DDC33-FAE2-4195-9920-AD54E60D0FD2}
		{5AB6FA40-3885-4E0B-82F4-04DBC9A10159} = {DF0DDC33-FAE2-4195-9920-AD54E60D0FD2}
		{A259644C-5BFD-4C95-8C02-6571BFA5718B} = {DF0DDC33-FAE2-4195-9920-AD54E60D0FD2}
		{E1E4F339-22E5-4FA4-823D-624E020C9AA0} = {DF0DDC33-FAE2-4195-9920-AD54E60D0FD2}
		{4B2F651F-9F03-4FA1-86C4-FBCEE8304228} = {254F661A-29EF-4F64-BCEB-9FEC67EB31FE}
		{7CFCB2F3-82EC-46B4-B8EB-C88B8E858F4D} = {4B2F651F-9F03-4FA1-86C4-FBCEE8304228}
		{65F7C284-CA5F-4E55-81F7-4BEAA458E896} = {4451889F-4BAF-46BA-AB5F-9F2AA414EE39}
	EndGlobalSection
	GlobalSection(ExtensibilityGlobals) = postSolution
		SolutionGuid = {B68EEFE7-5A2D-4AD0-AE9B-B06835525A31}
	EndGlobalSection
EndGlobal
